
Microsoft Visual Studio Solution File, Format Version 12.00
# Visual Studio Version 17
VisualStudioVersion = 17.9.34902.65
MinimumVisualStudioVersion = 10.0.40219.1
Project("{FAE04EC0-301F-11D3-BF4B-00C04F79EFBC}") = "CaseGenerator", "CaseGenerator\CaseGenerator.csproj", "{8C6D3FCE-C0CE-46AE-98BC-33DD3874F6A0}"
EndProject
Global
	GlobalSection(SolutionConfigurationPlatforms) = preSolution
		Debug|Any CPU = Debug|Any CPU
		Release|Any CPU = Release|Any CPU
	EndGlobalSection
	GlobalSection(ProjectConfigurationPlatforms) = postSolution
		{8C6D3FCE-C0CE-46AE-98BC-33DD3874F6A0}.Debug|Any CPU.ActiveCfg = Debug|Any CPU
		{8C6D3FCE-C0CE-46AE-98BC-33DD3874F6A0}.Debug|Any CPU.Build.0 = Debug|Any CPU
		{8C6D3FCE-C0CE-46AE-98BC-33DD3874F6A0}.Release|Any CPU.ActiveCfg = Release|Any CPU
		{8C6D3FCE-C0CE-46AE-98BC-33DD3874F6A0}.Release|Any CPU.Build.0 = Release|Any CPU
	EndGlobalSection
	GlobalSection(SolutionProperties) = preSolution
		HideSolutionNode = FALSE
	EndGlobalSection
	GlobalSection(ExtensibilityGlobals) = postSolution
		SolutionGuid = {1A66044D-EA52-4358-A081-2D1BF425D51E}
	EndGlobalSection
EndGlobal
